
Microsoft Visual Studio Solution File, Format Version 12.00
# Visual Studio 14
VisualStudioVersion = 14.0.23107.0
MinimumVisualStudioVersion = 10.0.40219.1
Project("{FAE04EC0-301F-11D3-BF4B-00C04F79EFBC}") = "JobsAPI", "JobsAPI\JobsAPI.csproj", "{ACB009A7-1C59-4B89-A752-4C18A52DBA82}"
EndProject
Global
	GlobalSection(SolutionConfigurationPlatforms) = preSolution
		Debug|Any CPU = Debug|Any CPU
		Release|Any CPU = Release|Any CPU
	EndGlobalSection
	GlobalSection(ProjectConfigurationPlatforms) = postSolution
		{ACB009A7-1C59-4B89-A752-4C18A52DBA82}.Debug|Any CPU.ActiveCfg = Debug|Any CPU
		{ACB009A7-1C59-4B89-A752-4C18A52DBA82}.Debug|Any CPU.Build.0 = Debug|Any CPU
		{ACB009A7-1C59-4B89-A752-4C18A52DBA82}.Release|Any CPU.ActiveCfg = Release|Any CPU
		{ACB009A7-1C59-4B89-A752-4C18A52DBA82}.Release|Any CPU.Build.0 = Release|Any CPU
	EndGlobalSection
	GlobalSection(SolutionProperties) = preSolution
		HideSolutionNode = FALSE
	EndGlobalSection
EndGlobal
